{
  "name": "02-basic-npm",
  "lockfileVersion": 3,
  "requires": true,
  "packages": {
    "": {
      "dependencies": {
        "@stdlib/math-base-assert-is-odd": "^0.2.1"
      }
    },
    "node_modules/@stdlib/array-float32": {
      "version": "0.2.1",
      "resolved": "https://registry.npmjs.org/@stdlib/array-float32/-/array-float32-0.2.1.tgz",
      "integrity": "sha512-Q5iME19GlfiF9TrZZbhKWvAYKzWGfe9sZQgsUeO9pvbF7N2tCbeUI9ZzQCClSfGr4uD3G+ExyvU1gUFNEayycQ==",
      "os": [
        "aix",
        "darwin",
        "freebsd",
        "linux",
        "macos",
        "openbsd",
        "sunos",
        "win32",
        "windows"
      ],
      "dependencies": {
        "@stdlib/assert-has-float32array-support": "^0.2.1"
      },
      "engines": {
        "node": ">=0.10.0",
        "npm": ">2.7.0"
      },
      "funding": {
        "type": "opencollective",
        "url": "https://opencollective.com/stdlib"
      }
    },
    "node_modules/@stdlib/array-float64": {
      "version": "0.2.1",
      "resolved": "https://registry.npmjs.org/@stdlib/array-float64/-/array-float64-0.2.1.tgz",
      "integrity": "sha512-FM6eNRA/TyPyIekTcCapfmsZcXAggeVzKM8XrsSXPjCdSYOcUrwtlOwqWfTs8gfx1t67roMPblsL+xEq4JUm5g==",
      "os": [
        "aix",
        "darwin",
        "freebsd",
        "linux",
        "macos",
        "openbsd",
        "sunos",
        "win32",
        "windows"
      ],
      "dependencies": {
        "@stdlib/assert-has-float64array-support": "^0.2.1"
      },
      "engines": {
        "node": ">=0.10.0",
        "npm": ">2.7.0"
      },
      "funding": {
        "type": "opencollective",
        "url": "https://opencollective.com/stdlib"
      }
    },
    "node_modules/@stdlib/assert-has-float32array-support": {
      "version": "0.2.1",
      "resolved": "https://registry.npmjs.org/@stdlib/assert-has-float32array-support/-/assert-has-float32array-support-0.2.1.tgz",
      "integrity": "sha512-m5UW0dJ1XfEpcDEvT/THKNrxvib7uvSu1bAkezuLlakI4vkfWvTUwRja0L2PtoKXCn6rxycGu0NXKFQXU4O5CQ==",
      "os": [
        "aix",
        "darwin",
        "freebsd",
        "linux",
        "macos",
        "openbsd",
        "sunos",
        "win32",
        "windows"
      ],
      "dependencies": {
        "@stdlib/assert-is-float32array": "^0.2.1",
        "@stdlib/constants-float64-pinf": "^0.2.1"
      },
      "engines": {
        "node": ">=0.10.0",
        "npm": ">2.7.0"
      },
      "funding": {
        "type": "opencollective",
        "url": "https://opencollective.com/stdlib"
      }
    },
    "node_modules/@stdlib/assert-has-float64array-support": {
      "version": "0.2.1",
      "resolved": "https://registry.npmjs.org/@stdlib/assert-has-float64array-support/-/assert-has-float64array-support-0.2.1.tgz",
      "integrity": "sha512-P++t7tMba8fNXabOVkZ+KgEkSEyJEuk7BzJuNtCbPttcPZmYR+e4xFXZe9wPO5VbLYVCaCKeP59h8HZpy8jHfg==",
      "os": [
        "aix",
        "darwin",
        "freebsd",
        "linux",
        "macos",
        "openbsd",
        "sunos",
        "win32",
        "windows"
      ],
      "dependencies": {
        "@stdlib/assert-is-float64array": "^0.2.1"
      },
      "engines": {
        "node": ">=0.10.0",
        "npm": ">2.7.0"
      },
      "funding": {
        "type": "opencollective",
        "url": "https://opencollective.com/stdlib"
      }
    },
    "node_modules/@stdlib/assert-has-own-property": {
      "version": "0.2.1",
      "resolved": "https://registry.npmjs.org/@stdlib/assert-has-own-property/-/assert-has-own-property-0.2.1.tgz",
      "integrity": "sha512-TNx+PlR1kGG6Ypg9aiHpHzaIYI8iaKAj7Ad1r/A6BlbkA/czzJMMidJE91uDlpgrMAIILAT68MRXt3kD6X2tAw==",
      "os": [
        "aix",
        "darwin",
        "freebsd",
        "linux",
        "macos",
        "openbsd",
        "sunos",
        "win32",
        "windows"
      ],
      "engines": {
        "node": ">=0.10.0",
        "npm": ">2.7.0"
      },
      "funding": {
        "type": "opencollective",
        "url": "https://opencollective.com/stdlib"
      }
    },
    "node_modules/@stdlib/assert-has-symbol-support": {
      "version": "0.2.1",
      "resolved": "https://registry.npmjs.org/@stdlib/assert-has-symbol-support/-/assert-has-symbol-support-0.2.1.tgz",
      "integrity": "sha512-a0N1kI/csNiPZ/0lad7ATOIMSXgpm0mCBjV95TgA4+Dmmruol0DK3PrP4n+NuoziTLzRSM/CRgEtLQI5X9g6mQ==",
      "os": [
        "aix",
        "darwin",
        "freebsd",
        "linux",
        "macos",
        "openbsd",
        "sunos",
        "win32",
        "windows"
      ],
      "engines": {
        "node": ">=0.10.0",
        "npm": ">2.7.0"
      },
      "funding": {
        "type": "opencollective",
        "url": "https://opencollective.com/stdlib"
      }
    },
    "node_modules/@stdlib/assert-has-tostringtag-support": {
      "version": "0.2.1",
      "resolved": "https://registry.npmjs.org/@stdlib/assert-has-tostringtag-support/-/assert-has-tostringtag-support-0.2.1.tgz",
      "integrity": "sha512-cWhgirurOsVJzHSSU0GdX5HqHGF2DRWXPk7xbQ4OPhu0x4yeOa2WAupPf7PHQ0pMD++IoWW3I16Gr310WjLDeg==",
      "os": [
        "aix",
        "darwin",
        "freebsd",
        "linux",
        "macos",
        "openbsd",
        "sunos",
        "win32",
        "windows"
      ],
      "dependencies": {
        "@stdlib/assert-has-symbol-support": "^0.2.0"
      },
      "engines": {
        "node": ">=0.10.0",
        "npm": ">2.7.0"
      },
      "funding": {
        "type": "opencollective",
        "url": "https://opencollective.com/stdlib"
      }
    },
    "node_modules/@stdlib/assert-is-array": {
      "version": "0.2.1",
      "resolved": "https://registry.npmjs.org/@stdlib/assert-is-array/-/assert-is-array-0.2.1.tgz",
      "integrity": "sha512-5sn5LKMn6mELsAXEDsxsm6S2+9mmGDdKGQdTNw9QnT/Kz3M+DzBPKEH719M20Pm1J7QNwMKICBZNWJzb5mvM4g==",
      "os": [
        "aix",
        "darwin",
        "freebsd",
        "linux",
        "macos",
        "openbsd",
        "sunos",
        "win32",
        "windows"
      ],
      "dependencies": {
        "@stdlib/utils-native-class": "^0.2.1"
      },
      "engines": {
        "node": ">=0.10.0",
        "npm": ">2.7.0"
      },
      "funding": {
        "type": "opencollective",
        "url": "https://opencollective.com/stdlib"
      }
    },
    "node_modules/@stdlib/assert-is-boolean": {
      "version": "0.2.1",
      "resolved": "https://registry.npmjs.org/@stdlib/assert-is-boolean/-/assert-is-boolean-0.2.1.tgz",
      "integrity": "sha512-Ls9j8PAFGZsR8v9J/39QKghT9oLmkm8RI418dt+fHBemFsjd4U/VEvUUgNEfal1LsVAc31ltklR0HJEKrkGDEg==",
      "os": [
        "aix",
        "darwin",
        "freebsd",
        "linux",
        "macos",
        "openbsd",
        "sunos",
        "win32",
        "windows"
      ],
      "dependencies": {
        "@stdlib/assert-has-tostringtag-support": "^0.2.1",
        "@stdlib/boolean-ctor": "^0.2.1",
        "@stdlib/utils-define-nonenumerable-read-only-property": "^0.2.1",
        "@stdlib/utils-native-class": "^0.2.1"
      },
      "engines": {
        "node": ">=0.10.0",
        "npm": ">2.7.0"
      },
      "funding": {
        "type": "opencollective",
        "url": "https://opencollective.com/stdlib"
      }
    },
    "node_modules/@stdlib/assert-is-buffer": {
      "version": "0.2.1",
      "resolved": "https://registry.npmjs.org/@stdlib/assert-is-buffer/-/assert-is-buffer-0.2.1.tgz",
      "integrity": "sha512-kSJW8R/byBz7yk2V3g3CCCM+6Im51l2pbNfnL7JABipyBZPolsOzRby6sD046PIFVf5jwufvpUUCZ68hzyEGsw==",
      "os": [
        "aix",
        "darwin",
        "freebsd",
        "linux",
        "macos",
        "openbsd",
        "sunos",
        "win32",
        "windows"
      ],
      "dependencies": {
        "@stdlib/assert-is-object-like": "^0.2.1"
      },
      "engines": {
        "node": ">=0.10.0",
        "npm": ">2.7.0"
      },
      "funding": {
        "type": "opencollective",
        "url": "https://opencollective.com/stdlib"
      }
    },
    "node_modules/@stdlib/assert-is-float32array": {
      "version": "0.2.1",
      "resolved": "https://registry.npmjs.org/@stdlib/assert-is-float32array/-/assert-is-float32array-0.2.1.tgz",
      "integrity": "sha512-xrushmHQ2S5QOkdQgGxx263aQ+nUJFQ5LJDEAOHNuVTfmGErr/1SXanY7TdZEvfERrd4GJxO21q14+osvoBe4w==",
      "os": [
        "aix",
        "darwin",
        "freebsd",
        "linux",
        "macos",
        "openbsd",
        "sunos",
        "win32",
        "windows"
      ],
      "dependencies": {
        "@stdlib/utils-native-class": "^0.2.1"
      },
      "engines": {
        "node": ">=0.10.0",
        "npm": ">2.7.0"
      },
      "funding": {
        "type": "opencollective",
        "url": "https://opencollective.com/stdlib"
      }
    },
    "node_modules/@stdlib/assert-is-float64array": {
      "version": "0.2.1",
      "resolved": "https://registry.npmjs.org/@stdlib/assert-is-float64array/-/assert-is-float64array-0.2.1.tgz",
      "integrity": "sha512-TX/5Shjx0QrpP6EDXmOfNoQNEcYlUvX2IS4gt1OV8pvsV956/ZuZa4lD/2YwHVnCr4a4D2X8kttfyxHaPX6zvg==",
      "os": [
        "aix",
        "darwin",
        "freebsd",
        "linux",
        "macos",
        "openbsd",
        "sunos",
        "win32",
        "windows"
      ],
      "dependencies": {
        "@stdlib/utils-native-class": "^0.2.1"
      },
      "engines": {
        "node": ">=0.10.0",
        "npm": ">2.7.0"
      },
      "funding": {
        "type": "opencollective",
        "url": "https://opencollective.com/stdlib"
      }
    },
    "node_modules/@stdlib/assert-is-function": {
      "version": "0.2.1",
      "resolved": "https://registry.npmjs.org/@stdlib/assert-is-function/-/assert-is-function-0.2.1.tgz",
      "integrity": "sha512-tOt8GfMRxdx4t5x1ts85ndfYrnBUDE0wBiC5O1AR95xMdlA+yivkqyC1PjE3cA8XaxRT6E20DUruwJcbRamKIA==",
      "os": [
        "aix",
        "darwin",
        "freebsd",
        "linux",
        "macos",
        "openbsd",
        "sunos",
        "win32",
        "windows"
      ],
      "dependencies": {
        "@stdlib/utils-type-of": "^0.2.1"
      },
      "engines": {
        "node": ">=0.10.0",
        "npm": ">2.7.0"
      },
      "funding": {
        "type": "opencollective",
        "url": "https://opencollective.com/stdlib"
      }
    },
    "node_modules/@stdlib/assert-is-number": {
      "version": "0.2.1",
      "resolved": "https://registry.npmjs.org/@stdlib/assert-is-number/-/assert-is-number-0.2.1.tgz",
      "integrity": "sha512-JrRo3C+DaLHix8gTk8mlZ+SQQ862NyQn06cg3ox5nuzBEIxpSQ9+n4CAT/PhC73TH/NkPD76HAcqfI+8eLYYQA==",
      "os": [
        "aix",
        "darwin",
        "freebsd",
        "linux",
        "macos",
        "openbsd",
        "sunos",
        "win32",
        "windows"
      ],
      "dependencies": {
        "@stdlib/assert-has-tostringtag-support": "^0.2.1",
        "@stdlib/number-ctor": "^0.2.1",
        "@stdlib/utils-define-nonenumerable-read-only-property": "^0.2.1",
        "@stdlib/utils-native-class": "^0.2.1"
      },
      "engines": {
        "node": ">=0.10.0",
        "npm": ">2.7.0"
      },
      "funding": {
        "type": "opencollective",
        "url": "https://opencollective.com/stdlib"
      }
    },
    "node_modules/@stdlib/assert-is-object": {
      "version": "0.2.1",
      "resolved": "https://registry.npmjs.org/@stdlib/assert-is-object/-/assert-is-object-0.2.1.tgz",
      "integrity": "sha512-Gl7fE1C61sTaFTcR9GxFGTtVH4v4+SwSceUCPP660eJQmfs1zt8ypyXGqvrc0Pr2qJ/PBms5y+Cpz1uPcIKS3Q==",
      "os": [
        "aix",
        "darwin",
        "freebsd",
        "linux",
        "macos",
        "openbsd",
        "sunos",
        "win32",
        "windows"
      ],
      "dependencies": {
        "@stdlib/assert-is-array": "^0.2.1"
      },
      "engines": {
        "node": ">=0.10.0",
        "npm": ">2.7.0"
      },
      "funding": {
        "type": "opencollective",
        "url": "https://opencollective.com/stdlib"
      }
    },
    "node_modules/@stdlib/assert-is-object-like": {
      "version": "0.2.1",
      "resolved": "https://registry.npmjs.org/@stdlib/assert-is-object-like/-/assert-is-object-like-0.2.1.tgz",
      "integrity": "sha512-vlnwFfJR0UmOO7R/Ny4nTZqZ3PCANIww3sz2Klliti3L85Yb3scUvTCmCGvRQ+QvbnFpqQsgIkCwqzGlKiQkcg==",
      "os": [
        "aix",
        "darwin",
        "freebsd",
        "linux",
        "macos",
        "openbsd",
        "sunos",
        "win32",
        "windows"
      ],
      "dependencies": {
        "@stdlib/assert-tools-array-function": "^0.2.1",
        "@stdlib/utils-define-nonenumerable-read-only-property": "^0.2.1"
      },
      "engines": {
        "node": ">=0.10.0",
        "npm": ">2.7.0"
      },
      "funding": {
        "type": "opencollective",
        "url": "https://opencollective.com/stdlib"
      }
    },
    "node_modules/@stdlib/assert-is-plain-object": {
      "version": "0.2.1",
      "resolved": "https://registry.npmjs.org/@stdlib/assert-is-plain-object/-/assert-is-plain-object-0.2.1.tgz",
      "integrity": "sha512-prTOBRi5CeKR5mVP9q8Z+PKxE5YiIAwdArkxjiFMvugtXwDK9jT1QgRF5nE0oUOhuRQ0l1dVx58vzBggOCWkCQ==",
      "os": [
        "aix",
        "darwin",
        "freebsd",
        "linux",
        "macos",
        "openbsd",
        "sunos",
        "win32",
        "windows"
      ],
      "dependencies": {
        "@stdlib/assert-has-own-property": "^0.2.1",
        "@stdlib/assert-is-function": "^0.2.1",
        "@stdlib/assert-is-object": "^0.2.1",
        "@stdlib/utils-get-prototype-of": "^0.2.1",
        "@stdlib/utils-native-class": "^0.2.1"
      },
      "engines": {
        "node": ">=0.10.0",
        "npm": ">2.7.0"
      },
      "funding": {
        "type": "opencollective",
        "url": "https://opencollective.com/stdlib"
      }
    },
    "node_modules/@stdlib/assert-is-regexp": {
      "version": "0.2.1",
      "resolved": "https://registry.npmjs.org/@stdlib/assert-is-regexp/-/assert-is-regexp-0.2.1.tgz",
      "integrity": "sha512-XdPKcrW8Sh5TvuMdU4+DxuxuaBTX/K9pv7sIuOSMWHRZcblOUiEMf5wk8OHoG9I1PmRhDlaR0AC/MC6R5bFq3Q==",
      "os": [
        "aix",
        "darwin",
        "freebsd",
        "linux",
        "macos",
        "openbsd",
        "sunos",
        "win32",
        "windows"
      ],
      "dependencies": {
        "@stdlib/assert-has-tostringtag-support": "^0.2.1",
        "@stdlib/utils-native-class": "^0.2.1"
      },
      "engines": {
        "node": ">=0.10.0",
        "npm": ">2.7.0"
      },
      "funding": {
        "type": "opencollective",
        "url": "https://opencollective.com/stdlib"
      }
    },
    "node_modules/@stdlib/assert-is-string": {
      "version": "0.2.1",
      "resolved": "https://registry.npmjs.org/@stdlib/assert-is-string/-/assert-is-string-0.2.1.tgz",
      "integrity": "sha512-xphxm9i61By/M7cmyCqgPiDof4DP3Rms3lVdcCpkr7T9PkBFMhOlm6zyhxo/2+dhukjf4Sak/WqntF/CWgJFJw==",
      "os": [
        "aix",
        "darwin",
        "freebsd",
        "linux",
        "macos",
        "openbsd",
        "sunos",
        "win32",
        "windows"
      ],
      "dependencies": {
        "@stdlib/assert-has-tostringtag-support": "^0.2.1",
        "@stdlib/utils-define-nonenumerable-read-only-property": "^0.2.1",
        "@stdlib/utils-native-class": "^0.2.1"
      },
      "engines": {
        "node": ">=0.10.0",
        "npm": ">2.7.0"
      },
      "funding": {
        "type": "opencollective",
        "url": "https://opencollective.com/stdlib"
      }
    },
    "node_modules/@stdlib/assert-tools-array-function": {
      "version": "0.2.1",
      "resolved": "https://registry.npmjs.org/@stdlib/assert-tools-array-function/-/assert-tools-array-function-0.2.1.tgz",
      "integrity": "sha512-Igezf184udgzGjif5nS1VWJCSsYq1DgX9Lt2smE4YW29W0SjWW9ahps4t0QfEm3UrfTdiOY5DLLAO1MjzAVkVQ==",
      "os": [
        "aix",
        "darwin",
        "freebsd",
        "linux",
        "macos",
        "openbsd",
        "sunos",
        "win32",
        "windows"
      ],
      "dependencies": {
        "@stdlib/assert-is-array": "^0.2.0",
        "@stdlib/string-format": "^0.2.1"
      },
      "engines": {
        "node": ">=0.10.0",
        "npm": ">2.7.0"
      },
      "funding": {
        "type": "opencollective",
        "url": "https://opencollective.com/stdlib"
      }
    },
    "node_modules/@stdlib/boolean-ctor": {
      "version": "0.2.1",
      "resolved": "https://registry.npmjs.org/@stdlib/boolean-ctor/-/boolean-ctor-0.2.1.tgz",
      "integrity": "sha512-CJx4lCU2eYoIcthpdzIoEmhE1Fgd1PFvQeFHhOvbm4TidP/uRP5xQGU+eimgxQ4G0lMxTJ8RNXpLPiK5OdeSUQ==",
      "os": [
        "aix",
        "darwin",
        "freebsd",
        "linux",
        "macos",
        "openbsd",
        "sunos",
        "win32",
        "windows"
      ],
      "engines": {
        "node": ">=0.10.0",
        "npm": ">2.7.0"
      },
      "funding": {
        "type": "opencollective",
        "url": "https://opencollective.com/stdlib"
      }
    },
    "node_modules/@stdlib/complex-float32": {
      "version": "0.2.1",
      "resolved": "https://registry.npmjs.org/@stdlib/complex-float32/-/complex-float32-0.2.1.tgz",
      "integrity": "sha512-tp83HfJzcZLK7/6P6gZPcAa/8F/aHS7gBHgB6ft45d/n6oE+/VbnyOvsJKanRv8S96kBRj8xkvlWHz4IiBrT0Q==",
      "os": [
        "aix",
        "darwin",
        "freebsd",
        "linux",
        "macos",
        "openbsd",
        "sunos",
        "win32",
        "windows"
      ],
      "dependencies": {
        "@stdlib/assert-is-number": "^0.2.1",
        "@stdlib/number-float64-base-to-float32": "^0.2.1",
        "@stdlib/string-format": "^0.2.1",
        "@stdlib/utils-define-nonenumerable-read-only-property": "^0.2.1",
        "@stdlib/utils-define-property": "^0.2.1"
      },
      "engines": {
        "node": ">=0.10.0",
        "npm": ">2.7.0"
      },
      "funding": {
        "type": "opencollective",
        "url": "https://opencollective.com/stdlib"
      }
    },
    "node_modules/@stdlib/complex-float64": {
      "version": "0.2.1",
      "resolved": "https://registry.npmjs.org/@stdlib/complex-float64/-/complex-float64-0.2.1.tgz",
      "integrity": "sha512-vN9GqlSaonoREf8/RIN9tfNLnkfN4s7AI0DPsGnvc1491oOqq9UqMw8rYTrnxuum9/OaNAAUqDkb5GLu5uTveQ==",
      "os": [
        "aix",
        "darwin",
        "freebsd",
        "linux",
        "macos",
        "openbsd",
        "sunos",
        "win32",
        "windows"
      ],
      "dependencies": {
        "@stdlib/assert-is-number": "^0.2.1",
        "@stdlib/complex-float32": "^0.2.1",
        "@stdlib/string-format": "^0.2.1",
        "@stdlib/utils-define-nonenumerable-read-only-property": "^0.2.1",
        "@stdlib/utils-define-property": "^0.2.1"
      },
      "engines": {
        "node": ">=0.10.0",
        "npm": ">2.7.0"
      },
      "funding": {
        "type": "opencollective",
        "url": "https://opencollective.com/stdlib"
      }
    },
    "node_modules/@stdlib/complex-reim": {
      "version": "0.2.1",
      "resolved": "https://registry.npmjs.org/@stdlib/complex-reim/-/complex-reim-0.2.1.tgz",
      "integrity": "sha512-67nakj+HwBRx/ha3j/sLbrMr2hwFVgEZtaczOgn1Jy/cU03lKvNbMkR7QI9s+sA+b+A3yJB3ob8ZQSqh3D1+dA==",
      "os": [
        "aix",
        "darwin",
        "freebsd",
        "linux",
        "macos",
        "openbsd",
        "sunos",
        "win32",
        "windows"
      ],
      "dependencies": {
        "@stdlib/array-float64": "^0.2.1",
        "@stdlib/complex-float64": "^0.2.1"
      },
      "engines": {
        "node": ">=0.10.0",
        "npm": ">2.7.0"
      },
      "funding": {
        "type": "opencollective",
        "url": "https://opencollective.com/stdlib"
      }
    },
    "node_modules/@stdlib/complex-reimf": {
      "version": "0.2.1",
      "resolved": "https://registry.npmjs.org/@stdlib/complex-reimf/-/complex-reimf-0.2.1.tgz",
      "integrity": "sha512-6HyPPmo0CEHoBjOg2w70mMFLcFEunM78ljnW6kf1OxjM/mqMaBM1NRpDrQoFwCIdh1RF1ojl3JR0YLllEf0qyQ==",
      "os": [
        "aix",
        "darwin",
        "freebsd",
        "linux",
        "macos",
        "openbsd",
        "sunos",
        "win32",
        "windows"
      ],
      "dependencies": {
        "@stdlib/array-float32": "^0.2.1",
        "@stdlib/complex-float32": "^0.2.1"
      },
      "engines": {
        "node": ">=0.10.0",
        "npm": ">2.7.0"
      },
      "funding": {
        "type": "opencollective",
        "url": "https://opencollective.com/stdlib"
      }
    },
    "node_modules/@stdlib/constants-float64-pinf": {
      "version": "0.2.1",
      "resolved": "https://registry.npmjs.org/@stdlib/constants-float64-pinf/-/constants-float64-pinf-0.2.1.tgz",
      "integrity": "sha512-sphEj5GvJbWSFAYSc3Kc5qmFW0mcSbvDTtbBg5Cc1sB5jGfc9PzofZPuKBTJpjJRI5KjgjnST4grg8FFchjfVw==",
      "os": [
        "aix",
        "darwin",
        "freebsd",
        "linux",
        "macos",
        "openbsd",
        "sunos",
        "win32",
        "windows"
      ],
      "engines": {
        "node": ">=0.10.0",
        "npm": ">2.7.0"
      },
      "funding": {
        "type": "opencollective",
        "url": "https://opencollective.com/stdlib"
      }
    },
    "node_modules/@stdlib/error-tools-fmtprodmsg": {
      "version": "0.2.1",
      "resolved": "https://registry.npmjs.org/@stdlib/error-tools-fmtprodmsg/-/error-tools-fmtprodmsg-0.2.1.tgz",
      "integrity": "sha512-SaxvGeGfWfda/O3rTNGRGBzAL9gsY/yd8n1hXwzOl/2aUHf8nxcf6Fz6/BQ5PguT0GiBkca19XEhHZZHxX3X/g==",
      "os": [
        "aix",
        "darwin",
        "freebsd",
        "linux",
        "macos",
        "openbsd",
        "sunos",
        "win32",
        "windows"
      ],
      "engines": {
        "node": ">=0.10.0",
        "npm": ">2.7.0"
      },
      "funding": {
        "type": "opencollective",
        "url": "https://opencollective.com/stdlib"
      }
    },
    "node_modules/@stdlib/fs-exists": {
      "version": "0.2.1",
      "resolved": "https://registry.npmjs.org/@stdlib/fs-exists/-/fs-exists-0.2.1.tgz",
      "integrity": "sha512-LeynjpWVjizojjshscyAMZCWeaWziIIENBA9/99Zv/x60waoBPphibIYjCEhY0agUqIdgTx+9COJU6zvwASGCw==",
      "os": [
        "aix",
        "darwin",
        "freebsd",
        "linux",
        "macos",
        "openbsd",
        "sunos",
        "win32",
        "windows"
      ],
      "dependencies": {
        "@stdlib/utils-define-nonenumerable-read-only-property": "^0.2.1"
      },
      "engines": {
        "node": ">=0.10.0",
        "npm": ">2.7.0"
      },
      "funding": {
        "type": "opencollective",
        "url": "https://opencollective.com/stdlib"
      }
    },
    "node_modules/@stdlib/fs-resolve-parent-path": {
      "version": "0.2.1",
      "resolved": "https://registry.npmjs.org/@stdlib/fs-resolve-parent-path/-/fs-resolve-parent-path-0.2.1.tgz",
      "integrity": "sha512-BxkdEYgAJkcZpoctFeU/x7AeGuAJWuIzkwa39pi5qu3feWkSTMimD8Y+BnnJy8GPlGnClMlfp3hc13ojmJ79mQ==",
      "os": [
        "aix",
        "darwin",
        "freebsd",
        "linux",
        "macos",
        "openbsd",
        "sunos",
        "win32",
        "windows"
      ],
      "dependencies": {
        "@stdlib/assert-has-own-property": "^0.2.1",
        "@stdlib/assert-is-function": "^0.2.1",
        "@stdlib/assert-is-plain-object": "^0.2.1",
        "@stdlib/assert-is-string": "^0.2.1",
        "@stdlib/fs-exists": "^0.2.1",
        "@stdlib/process-cwd": "^0.2.1",
        "@stdlib/string-format": "^0.2.1",
        "@stdlib/utils-define-nonenumerable-read-only-property": "^0.2.1"
      },
      "engines": {
        "node": ">=0.10.0",
        "npm": ">2.7.0"
      },
      "funding": {
        "type": "opencollective",
        "url": "https://opencollective.com/stdlib"
      }
    },
    "node_modules/@stdlib/math-base-assert-is-even": {
      "version": "0.2.2",
      "resolved": "https://registry.npmjs.org/@stdlib/math-base-assert-is-even/-/math-base-assert-is-even-0.2.2.tgz",
      "integrity": "sha512-CY2EphtieB9K1WfVtBSj/3z/es9E0FV5ejYgggghdozmjFukgg4GtXYYCAl1Zj8hlbGiPa2Jat8zPXf348EibA==",
      "os": [
        "aix",
        "darwin",
        "freebsd",
        "linux",
        "macos",
        "openbsd",
        "sunos",
        "win32",
        "windows"
      ],
      "dependencies": {
        "@stdlib/math-base-assert-is-integer": "^0.2.3",
        "@stdlib/utils-library-manifest": "^0.2.1"
      },
      "engines": {
        "node": ">=0.10.0",
        "npm": ">2.7.0"
      },
      "funding": {
        "type": "opencollective",
        "url": "https://opencollective.com/stdlib"
      }
    },
    "node_modules/@stdlib/math-base-assert-is-integer": {
      "version": "0.2.4",
      "resolved": "https://registry.npmjs.org/@stdlib/math-base-assert-is-integer/-/math-base-assert-is-integer-0.2.4.tgz",
      "integrity": "sha512-aCmocusl/qXSLk/0x7HFkKdOIV8t2I534ROCOFP61ICl752CrpJd+0TpU1GwpBoaRkF2dYER5tLGOoRf91Bz1A==",
      "os": [
        "aix",
        "darwin",
        "freebsd",
        "linux",
        "macos",
        "openbsd",
        "sunos",
        "win32",
        "windows"
      ],
      "dependencies": {
        "@stdlib/math-base-special-floor": "^0.2.2",
        "@stdlib/utils-library-manifest": "^0.2.1"
      },
      "engines": {
        "node": ">=0.10.0",
        "npm": ">2.7.0"
      },
      "funding": {
        "type": "opencollective",
        "url": "https://opencollective.com/stdlib"
      }
    },
    "node_modules/@stdlib/math-base-assert-is-odd": {
      "version": "0.2.1",
      "resolved": "https://registry.npmjs.org/@stdlib/math-base-assert-is-odd/-/math-base-assert-is-odd-0.2.1.tgz",
      "integrity": "sha512-V4qQuCO6/AA5udqlNatMRZ8R/MgpqD8mPIkFrpSZJdpLcGYSz815uAAf3NBOuWXkE2Izw0/Tg/hTQ+YcOW2g5g==",
      "os": [
        "aix",
        "darwin",
        "freebsd",
        "linux",
        "macos",
        "openbsd",
        "sunos",
        "win32",
        "windows"
      ],
      "dependencies": {
        "@stdlib/math-base-assert-is-even": "^0.2.1"
      },
      "engines": {
        "node": ">=0.10.0",
        "npm": ">2.7.0"
      },
      "funding": {
        "type": "opencollective",
        "url": "https://opencollective.com/stdlib"
      }
    },
    "node_modules/@stdlib/math-base-napi-unary": {
      "version": "0.2.1",
      "resolved": "https://registry.npmjs.org/@stdlib/math-base-napi-unary/-/math-base-napi-unary-0.2.1.tgz",
      "integrity": "sha512-M0a0IpCrkOZaS07j3x3xZXyq/X00FFeFPX6kUZOgk9mPfPHCQgGimgGJWBYgNKPcdWdRvpb4Nv2YI9G+nZu+gA==",
      "os": [
        "aix",
        "darwin",
        "freebsd",
        "linux",
        "macos",
        "openbsd",
        "sunos",
        "win32",
        "windows"
      ],
      "dependencies": {
        "@stdlib/complex-float32": "^0.2.1",
        "@stdlib/complex-float64": "^0.2.1",
        "@stdlib/complex-reim": "^0.2.1",
        "@stdlib/complex-reimf": "^0.2.1",
        "@stdlib/utils-library-manifest": "^0.2.1"
      },
      "engines": {
        "node": ">=0.10.0",
        "npm": ">2.7.0"
      },
      "funding": {
        "type": "opencollective",
        "url": "https://opencollective.com/stdlib"
      }
    },
    "node_modules/@stdlib/math-base-special-floor": {
      "version": "0.2.2",
      "resolved": "https://registry.npmjs.org/@stdlib/math-base-special-floor/-/math-base-special-floor-0.2.2.tgz",
      "integrity": "sha512-BJ5WA0kLX0b2/NV2HkOg4XgYcZOy3//HOjSc4oro642J6Ai3mjxk30sbnad7Miry0cUZEyQ6YsnwF42T1gOObw==",
      "os": [
        "aix",
        "darwin",
        "freebsd",
        "linux",
        "macos",
        "openbsd",
        "sunos",
        "win32",
        "windows"
      ],
      "dependencies": {
        "@stdlib/math-base-napi-unary": "^0.2.1",
        "@stdlib/utils-library-manifest": "^0.2.1"
      },
      "engines": {
        "node": ">=0.10.0",
        "npm": ">2.7.0"
      },
      "funding": {
        "type": "opencollective",
        "url": "https://opencollective.com/stdlib"
      }
    },
    "node_modules/@stdlib/number-ctor": {
      "version": "0.2.1",
      "resolved": "https://registry.npmjs.org/@stdlib/number-ctor/-/number-ctor-0.2.1.tgz",
      "integrity": "sha512-Y77276+aKfpd5VSQLK5rGNo6ULW35I95zd+5V6hSF63UmpNppiuNe2z+6ltJmp1zI/pNuEscevmF4KVREhH47g==",
      "os": [
        "aix",
        "darwin",
        "freebsd",
        "linux",
        "macos",
        "openbsd",
        "sunos",
        "win32",
        "windows"
      ],
      "engines": {
        "node": ">=0.10.0",
        "npm": ">2.7.0"
      },
      "funding": {
        "type": "opencollective",
        "url": "https://opencollective.com/stdlib"
      }
    },
    "node_modules/@stdlib/number-float64-base-to-float32": {
      "version": "0.2.1",
      "resolved": "https://registry.npmjs.org/@stdlib/number-float64-base-to-float32/-/number-float64-base-to-float32-0.2.1.tgz",
      "integrity": "sha512-cAHWxJMrQ94XIrSIAobvmu8VAseM39zP4SYr/PinhtpGS1xTP/sx4Fr0oVQgxe4D7oLWsRaj1ORl99cSSzPcmQ==",
      "os": [
        "aix",
        "darwin",
        "freebsd",
        "linux",
        "macos",
        "openbsd",
        "sunos",
        "win32",
        "windows"
      ],
      "dependencies": {
        "@stdlib/array-float32": "^0.2.1"
      },
      "engines": {
        "node": ">=0.10.0",
        "npm": ">2.7.0"
      },
      "funding": {
        "type": "opencollective",
        "url": "https://opencollective.com/stdlib"
      }
    },
    "node_modules/@stdlib/object-ctor": {
      "version": "0.2.1",
      "resolved": "https://registry.npmjs.org/@stdlib/object-ctor/-/object-ctor-0.2.1.tgz",
      "integrity": "sha512-HEIBBpfdQS9Nh5mmIqMk9fzedx6E0tayJrVa2FD7No86rVuq/Ikxq1QP7qNXm+i6z9iNUUS/lZq7BmJESWO/Zg==",
      "os": [
        "aix",
        "darwin",
        "freebsd",
        "linux",
        "macos",
        "openbsd",
        "sunos",
        "win32",
        "windows"
      ],
      "engines": {
        "node": ">=0.10.0",
        "npm": ">2.7.0"
      },
      "funding": {
        "type": "opencollective",
        "url": "https://opencollective.com/stdlib"
      }
    },
    "node_modules/@stdlib/process-cwd": {
      "version": "0.2.1",
      "resolved": "https://registry.npmjs.org/@stdlib/process-cwd/-/process-cwd-0.2.1.tgz",
      "integrity": "sha512-VnUglHWLeotm/zqhEmPaRtVBcivbr7mRbMn3MP0z9u8uS4aYRgQy32tHhYfZdYb+RANJIDylTMJnczN+sDKbYA==",
      "os": [
        "aix",
        "darwin",
        "freebsd",
        "linux",
        "macos",
        "openbsd",
        "sunos",
        "win32",
        "windows"
      ],
      "engines": {
        "node": ">=0.10.0",
        "npm": ">2.7.0"
      },
      "funding": {
        "type": "opencollective",
        "url": "https://opencollective.com/stdlib"
      }
    },
    "node_modules/@stdlib/regexp-extended-length-path": {
      "version": "0.2.1",
      "resolved": "https://registry.npmjs.org/@stdlib/regexp-extended-length-path/-/regexp-extended-length-path-0.2.1.tgz",
      "integrity": "sha512-sQFAjW0JieAsvVyrIBJyAS5eObp+W0J/h6omsrxecRQc8HkTTc8HnseSMtWRxIw4/Z2dm4+0VLxosHugAy2F3w==",
      "os": [
        "aix",
        "darwin",
        "freebsd",
        "linux",
        "macos",
        "openbsd",
        "sunos",
        "win32",
        "windows"
      ],
      "dependencies": {
        "@stdlib/utils-define-nonenumerable-read-only-property": "^0.2.1"
      },
      "engines": {
        "node": ">=0.10.0",
        "npm": ">2.7.0"
      },
      "funding": {
        "type": "opencollective",
        "url": "https://opencollective.com/stdlib"
      }
    },
    "node_modules/@stdlib/regexp-function-name": {
      "version": "0.2.1",
      "resolved": "https://registry.npmjs.org/@stdlib/regexp-function-name/-/regexp-function-name-0.2.1.tgz",
      "integrity": "sha512-Ba/EpQ6Lt9CybnFGd5IWvwk8iKCWVv9zVsssuY5ABHhKc+nK0b7CK5qorISMYOMhVHH8PwofhY/iQtWfeb8RWA==",
      "os": [
        "aix",
        "darwin",
        "freebsd",
        "linux",
        "macos",
        "openbsd",
        "sunos",
        "win32",
        "windows"
      ],
      "dependencies": {
        "@stdlib/utils-define-nonenumerable-read-only-property": "^0.2.1"
      },
      "engines": {
        "node": ">=0.10.0",
        "npm": ">2.7.0"
      },
      "funding": {
        "type": "opencollective",
        "url": "https://opencollective.com/stdlib"
      }
    },
    "node_modules/@stdlib/string-base-format-interpolate": {
      "version": "0.2.1",
      "resolved": "https://registry.npmjs.org/@stdlib/string-base-format-interpolate/-/string-base-format-interpolate-0.2.1.tgz",
      "integrity": "sha512-Uxz89eUi4m9yao4VjsqXIxLIF7qDmqEAH0e+XBRWRGC2zx6DhmK2kLnaU0xW69+VJPn3dq4itxq0oryw2E+qIQ==",
      "os": [
        "aix",
        "darwin",
        "freebsd",
        "linux",
        "macos",
        "openbsd",
        "sunos",
        "win32",
        "windows"
      ],
      "engines": {
        "node": ">=0.10.0",
        "npm": ">2.7.0"
      },
      "funding": {
        "type": "opencollective",
        "url": "https://opencollective.com/stdlib"
      }
    },
    "node_modules/@stdlib/string-base-format-tokenize": {
      "version": "0.2.1",
      "resolved": "https://registry.npmjs.org/@stdlib/string-base-format-tokenize/-/string-base-format-tokenize-0.2.1.tgz",
      "integrity": "sha512-3Ut96pmCgEFArrdwXKm1q0j1FOqTnG/uOsh24uYNU/ABRsMOOajRlAjCCdQv9f8P916qPrSnF1V3Pd18LAaksg==",
      "os": [
        "aix",
        "darwin",
        "freebsd",
        "linux",
        "macos",
        "openbsd",
        "sunos",
        "win32",
        "windows"
      ],
      "engines": {
        "node": ">=0.10.0",
        "npm": ">2.7.0"
      },
      "funding": {
        "type": "opencollective",
        "url": "https://opencollective.com/stdlib"
      }
    },
    "node_modules/@stdlib/string-base-lowercase": {
      "version": "0.3.1",
      "resolved": "https://registry.npmjs.org/@stdlib/string-base-lowercase/-/string-base-lowercase-0.3.1.tgz",
      "integrity": "sha512-4VnyWsIkmzHP5mVU1UJVZBSlAt4oxaRBj4fSQhG3kcKnS+5ZtfncWQDsskM0WveSkBRi37DXdyhbPm0/KYQUwA==",
      "os": [
        "aix",
        "darwin",
        "freebsd",
        "linux",
        "macos",
        "openbsd",
        "sunos",
        "win32",
        "windows"
      ],
      "engines": {
        "node": ">=0.10.0",
        "npm": ">2.7.0"
      },
      "funding": {
        "type": "opencollective",
        "url": "https://opencollective.com/stdlib"
      }
    },
    "node_modules/@stdlib/string-base-replace": {
      "version": "0.2.1",
      "resolved": "https://registry.npmjs.org/@stdlib/string-base-replace/-/string-base-replace-0.2.1.tgz",
      "integrity": "sha512-n7FRXJDCFTr7BfW/HOhyaOFKYrzsUHS3MULrykCld5MEJrVbTL61eXRWBPhMWeTVwJHCHU6zxtiwGt4+cU5vdg==",
      "os": [
        "aix",
        "darwin",
        "freebsd",
        "linux",
        "macos",
        "openbsd",
        "sunos",
        "win32",
        "windows"
      ],
      "engines": {
        "node": ">=0.10.0",
        "npm": ">2.7.0"
      },
      "funding": {
        "type": "opencollective",
        "url": "https://opencollective.com/stdlib"
      }
    },
    "node_modules/@stdlib/string-format": {
      "version": "0.2.1",
      "resolved": "https://registry.npmjs.org/@stdlib/string-format/-/string-format-0.2.1.tgz",
      "integrity": "sha512-+HpXkEJ0Z4gthH5KicXvRRJiCiCTSrKzM+mS8N6vwaAD+OG+Oq8Cn43XBD1ic/UHROI9un42MruF1ZLlkSmdOw==",
      "os": [
        "aix",
        "darwin",
        "freebsd",
        "linux",
        "macos",
        "openbsd",
        "sunos",
        "win32",
        "windows"
      ],
      "dependencies": {
        "@stdlib/string-base-format-interpolate": "^0.2.1",
        "@stdlib/string-base-format-tokenize": "^0.2.1"
      },
      "engines": {
        "node": ">=0.10.0",
        "npm": ">2.7.0"
      },
      "funding": {
        "type": "opencollective",
        "url": "https://opencollective.com/stdlib"
      }
    },
    "node_modules/@stdlib/string-replace": {
      "version": "0.2.1",
      "resolved": "https://registry.npmjs.org/@stdlib/string-replace/-/string-replace-0.2.1.tgz",
      "integrity": "sha512-rle3pW4KowxxITbrad0+/cjRg+zWUMITvWqK2MKNDRfI8x9Jf1wOA34N7w0YBCMcT6UVQDJKX3cwe4rhz3ZDKw==",
      "os": [
        "aix",
        "darwin",
        "freebsd",
        "linux",
        "macos",
        "openbsd",
        "sunos",
        "win32",
        "windows"
      ],
      "dependencies": {
        "@stdlib/assert-is-function": "^0.2.1",
        "@stdlib/assert-is-regexp": "^0.2.1",
        "@stdlib/assert-is-string": "^0.2.1",
        "@stdlib/string-base-replace": "^0.2.1",
        "@stdlib/string-format": "^0.2.1",
        "@stdlib/utils-escape-regexp-string": "^0.2.1"
      },
      "engines": {
        "node": ">=0.10.0",
        "npm": ">2.7.0"
      },
      "funding": {
        "type": "opencollective",
        "url": "https://opencollective.com/stdlib"
      }
    },
    "node_modules/@stdlib/symbol-ctor": {
      "version": "0.2.1",
      "resolved": "https://registry.npmjs.org/@stdlib/symbol-ctor/-/symbol-ctor-0.2.1.tgz",
      "integrity": "sha512-ZZAuKPJZ9PVrbRCp4iPKdlyh7uyrCi39dqrU/j/w38mOzYZJV6utK33eeAIsQH5yMDO7Tr0Zu69TKGf2XqmaPw==",
      "os": [
        "aix",
        "darwin",
        "freebsd",
        "linux",
        "macos",
        "openbsd",
        "sunos",
        "win32",
        "windows"
      ],
      "engines": {
        "node": ">=0.10.0",
        "npm": ">2.7.0"
      },
      "funding": {
        "type": "opencollective",
        "url": "https://opencollective.com/stdlib"
      }
    },
    "node_modules/@stdlib/utils-constructor-name": {
      "version": "0.2.1",
      "resolved": "https://registry.npmjs.org/@stdlib/utils-constructor-name/-/utils-constructor-name-0.2.1.tgz",
      "integrity": "sha512-liLBKiHjR5pPrvq+H2UtDA05LMRHGZgyxOAGiR/rW5Lb1OmBHOQcxzR9k4TK3Ck0pHPzS8Oe6Yxy/d7lO9sqFg==",
      "os": [
        "aix",
        "darwin",
        "freebsd",
        "linux",
        "macos",
        "openbsd",
        "sunos",
        "win32",
        "windows"
      ],
      "dependencies": {
        "@stdlib/assert-is-buffer": "^0.2.0",
        "@stdlib/regexp-function-name": "^0.2.1",
        "@stdlib/utils-native-class": "^0.2.1"
      },
      "engines": {
        "node": ">=0.10.0",
        "npm": ">2.7.0"
      },
      "funding": {
        "type": "opencollective",
        "url": "https://opencollective.com/stdlib"
      }
    },
    "node_modules/@stdlib/utils-convert-path": {
      "version": "0.2.1",
      "resolved": "https://registry.npmjs.org/@stdlib/utils-convert-path/-/utils-convert-path-0.2.1.tgz",
      "integrity": "sha512-8RN52B1tXN8LFP5nQJWK8zYJxLRcYymEs+glSYAWHXR8A4O+RKLFaJRvVCiND20N/jddagOyanOWJcrebhlkzg==",
      "os": [
        "aix",
        "darwin",
        "freebsd",
        "linux",
        "macos",
        "openbsd",
        "sunos",
        "win32",
        "windows"
      ],
      "dependencies": {
        "@stdlib/assert-is-string": "^0.2.1",
        "@stdlib/regexp-extended-length-path": "^0.2.1",
        "@stdlib/string-base-lowercase": "^0.3.1",
        "@stdlib/string-format": "^0.2.1",
        "@stdlib/string-replace": "^0.2.1"
      },
      "engines": {
        "node": ">=0.10.0",
        "npm": ">2.7.0"
      },
      "funding": {
        "type": "opencollective",
        "url": "https://opencollective.com/stdlib"
      }
    },
    "node_modules/@stdlib/utils-define-nonenumerable-read-only-property": {
      "version": "0.2.1",
      "resolved": "https://registry.npmjs.org/@stdlib/utils-define-nonenumerable-read-only-property/-/utils-define-nonenumerable-read-only-property-0.2.1.tgz",
      "integrity": "sha512-L8fs1kI79T2RQIg8rHR9aQnnSDELqiDGWbK3jA1NP8iW+ydxlxXyO8Dw17fBCXVua3Y19a1NVyGtIN5WGe2UCw==",
      "os": [
        "aix",
        "darwin",
        "freebsd",
        "linux",
        "macos",
        "openbsd",
        "sunos",
        "win32",
        "windows"
      ],
      "dependencies": {
        "@stdlib/utils-define-property": "^0.2.1"
      },
      "engines": {
        "node": ">=0.10.0",
        "npm": ">2.7.0"
      },
      "funding": {
        "type": "opencollective",
        "url": "https://opencollective.com/stdlib"
      }
    },
    "node_modules/@stdlib/utils-define-property": {
      "version": "0.2.3",
      "resolved": "https://registry.npmjs.org/@stdlib/utils-define-property/-/utils-define-property-0.2.3.tgz",
      "integrity": "sha512-+EzWImaQR/6XNFbXIITFi3PLQGTbKVIWSYxJfHXAuTtibAMnhHOWvEzKOumVe/Q4Cdsrc3/PIkpjJzliqAX9AA==",
      "os": [
        "aix",
        "darwin",
        "freebsd",
        "linux",
        "macos",
        "openbsd",
        "sunos",
        "win32",
        "windows"
      ],
      "dependencies": {
        "@stdlib/error-tools-fmtprodmsg": "^0.2.1",
        "@stdlib/string-format": "^0.2.1"
      },
      "engines": {
        "node": ">=0.10.0",
        "npm": ">2.7.0"
      },
      "funding": {
        "type": "opencollective",
        "url": "https://opencollective.com/stdlib"
      }
    },
    "node_modules/@stdlib/utils-escape-regexp-string": {
      "version": "0.2.1",
      "resolved": "https://registry.npmjs.org/@stdlib/utils-escape-regexp-string/-/utils-escape-regexp-string-0.2.1.tgz",
      "integrity": "sha512-JwxkU1JGuHu9WJfEAgAvGElizGfainZ25JqIxLOn1pzpmHRW0RVa2cq+scgTjlAvHebcDjjkRQN66ROzIDgUNw==",
      "os": [
        "aix",
        "darwin",
        "freebsd",
        "linux",
        "macos",
        "openbsd",
        "sunos",
        "win32",
        "windows"
      ],
      "dependencies": {
        "@stdlib/assert-is-string": "^0.2.1",
        "@stdlib/string-format": "^0.2.1"
      },
      "engines": {
        "node": ">=0.10.0",
        "npm": ">2.7.0"
      },
      "funding": {
        "type": "opencollective",
        "url": "https://opencollective.com/stdlib"
      }
    },
    "node_modules/@stdlib/utils-get-prototype-of": {
      "version": "0.2.1",
      "resolved": "https://registry.npmjs.org/@stdlib/utils-get-prototype-of/-/utils-get-prototype-of-0.2.1.tgz",
      "integrity": "sha512-qb8IQd93m47VisTGi6Awu2i2sk+ptzmnIkUt9lYYrNDK5EIpH/nveAuWTfi/X/QdJpFfIXtTuC/sv43KAgYe1Q==",
      "os": [
        "aix",
        "darwin",
        "freebsd",
        "linux",
        "macos",
        "openbsd",
        "sunos",
        "win32",
        "windows"
      ],
      "dependencies": {
        "@stdlib/assert-is-function": "^0.2.1",
        "@stdlib/object-ctor": "^0.2.1",
        "@stdlib/utils-native-class": "^0.2.1"
      },
      "engines": {
        "node": ">=0.10.0",
        "npm": ">2.7.0"
      },
      "funding": {
        "type": "opencollective",
        "url": "https://opencollective.com/stdlib"
      }
    },
    "node_modules/@stdlib/utils-global": {
      "version": "0.2.1",
      "resolved": "https://registry.npmjs.org/@stdlib/utils-global/-/utils-global-0.2.1.tgz",
      "integrity": "sha512-xf/cwHUN/BFSTYwiokQmMLxuXlYZYzNch/HgyDGx78bCx4MAVinK86EzP0dPn8HOLcZ/roxtQ5rXsyD49lEp/w==",
      "os": [
        "aix",
        "darwin",
        "freebsd",
        "linux",
        "macos",
        "openbsd",
        "sunos",
        "win32",
        "windows"
      ],
      "dependencies": {
        "@stdlib/assert-is-boolean": "^0.2.0",
        "@stdlib/string-format": "^0.2.1"
      },
      "engines": {
        "node": ">=0.10.0",
        "npm": ">2.7.0"
      },
      "funding": {
        "type": "opencollective",
        "url": "https://opencollective.com/stdlib"
      }
    },
    "node_modules/@stdlib/utils-library-manifest": {
      "version": "0.2.1",
      "resolved": "https://registry.npmjs.org/@stdlib/utils-library-manifest/-/utils-library-manifest-0.2.1.tgz",
      "integrity": "sha512-5qhCqcJ2DD1ZylPOX7JGzzIGpgXJ5UsiG2oOmS/P8XEnoQA9DVMXt7aCD60AN+pE5QUfK+r20144XH7JMBQzMw==",
      "os": [
        "aix",
        "darwin",
        "freebsd",
        "linux",
        "macos",
        "openbsd",
        "sunos",
        "win32",
        "windows"
      ],
      "dependencies": {
        "@stdlib/fs-resolve-parent-path": "^0.2.1",
        "@stdlib/utils-convert-path": "^0.2.1",
        "debug": "^2.6.9",
        "resolve": "^1.1.7"
      },
      "engines": {
        "node": ">=0.10.0",
        "npm": ">2.7.0"
      },
      "funding": {
        "type": "opencollective",
        "url": "https://opencollective.com/stdlib"
      }
    },
    "node_modules/@stdlib/utils-native-class": {
      "version": "0.2.1",
      "resolved": "https://registry.npmjs.org/@stdlib/utils-native-class/-/utils-native-class-0.2.1.tgz",
      "integrity": "sha512-tM3am6amt50I4mFRlClExUmORqPzMExgDyZc4Lur+LXn5wb0uEoeBbJ27ftMDg8PNLSi5RUuBCwZBEXvYpG0yw==",
      "os": [
        "aix",
        "darwin",
        "freebsd",
        "linux",
        "macos",
        "openbsd",
        "sunos",
        "win32",
        "windows"
      ],
      "dependencies": {
        "@stdlib/assert-has-own-property": "^0.2.1",
        "@stdlib/assert-has-tostringtag-support": "^0.2.1",
        "@stdlib/symbol-ctor": "^0.2.1"
      },
      "engines": {
        "node": ">=0.10.0",
        "npm": ">2.7.0"
      },
      "funding": {
        "type": "opencollective",
        "url": "https://opencollective.com/stdlib"
      }
    },
    "node_modules/@stdlib/utils-type-of": {
      "version": "0.2.1",
      "resolved": "https://registry.npmjs.org/@stdlib/utils-type-of/-/utils-type-of-0.2.1.tgz",
      "integrity": "sha512-FE7rbPMkHwFsciA8ntfAcMvJ71DCerNO7m/pnpq+cFPR7bJSb8h2gaIqoHTkg9+vTMnJaOo3tDIWz4vN/CEQ8w==",
      "os": [
        "aix",
        "darwin",
        "freebsd",
        "linux",
        "macos",
        "openbsd",
        "sunos",
        "win32",
        "windows"
      ],
      "dependencies": {
        "@stdlib/utils-constructor-name": "^0.2.0",
        "@stdlib/utils-global": "^0.2.1"
      },
      "engines": {
        "node": ">=0.10.0",
        "npm": ">2.7.0"
      },
      "funding": {
        "type": "opencollective",
        "url": "https://opencollective.com/stdlib"
      }
    },
    "node_modules/debug": {
      "version": "2.6.9",
      "resolved": "https://registry.npmjs.org/debug/-/debug-2.6.9.tgz",
      "integrity": "sha512-bC7ElrdJaJnPbAP+1EotYvqZsb3ecl5wi6Bfi6BJTUcNowp6cvspg0jXznRTKDjm/E7AdgFBVeAPVMNcKGsHMA==",
      "dependencies": {
        "ms": "2.0.0"
      }
    },
    "node_modules/function-bind": {
      "version": "1.1.2",
      "resolved": "https://registry.npmjs.org/function-bind/-/function-bind-1.1.2.tgz",
      "integrity": "sha512-7XHNxH7qX9xG5mIwxkhumTox/MIRNcOgDrxWsMt2pAr23WHp6MrRlN7FBSFpCpr+oVO0F744iUgR82nJMfG2SA==",
      "funding": {
        "url": "https://github.com/sponsors/ljharb"
      }
    },
    "node_modules/hasown": {
      "version": "2.0.2",
      "resolved": "https://registry.npmjs.org/hasown/-/hasown-2.0.2.tgz",
      "integrity": "sha512-0hJU9SCPvmMzIBdZFqNPXWa6dqh7WdH0cII9y+CyS8rG3nL48Bclra9HmKhVVUHyPWNH5Y7xDwAB7bfgSjkUMQ==",
      "dependencies": {
        "function-bind": "^1.1.2"
      },
      "engines": {
        "node": ">= 0.4"
      }
    },
    "node_modules/is-core-module": {
      "version": "2.14.0",
      "resolved": "https://registry.npmjs.org/is-core-module/-/is-core-module-2.14.0.tgz",
      "integrity": "sha512-a5dFJih5ZLYlRtDc0dZWP7RiKr6xIKzmn/oAYCDvdLThadVgyJwlaoQPmRtMSpz+rk0OGAgIu+TcM9HUF0fk1A==",
      "dependencies": {
        "hasown": "^2.0.2"
      },
      "engines": {
        "node": ">= 0.4"
      },
      "funding": {
        "url": "https://github.com/sponsors/ljharb"
      }
    },
    "node_modules/ms": {
      "version": "2.0.0",
      "resolved": "https://registry.npmjs.org/ms/-/ms-2.0.0.tgz",
      "integrity": "sha512-Tpp60P6IUJDTuOq/5Z8cdskzJujfwqfOTkrwIwj7IRISpnkJnT6SyJ4PCPnGMoFjC9ddhal5KVIYtAt97ix05A=="
    },
    "node_modules/path-parse": {
      "version": "1.0.7",
      "resolved": "https://registry.npmjs.org/path-parse/-/path-parse-1.0.7.tgz",
      "integrity": "sha512-LDJzPVEEEPR+y48z93A0Ed0yXb8pAByGWo/k5YYdYgpY2/2EsOsksJrq7lOHxryrVOn1ejG6oAp8ahvOIQD8sw=="
    },
    "node_modules/resolve": {
      "version": "1.22.8",
      "resolved": "https://registry.npmjs.org/resolve/-/resolve-1.22.8.tgz",
      "integrity": "sha512-oKWePCxqpd6FlLvGV1VU0x7bkPmmCNolxzjMf4NczoDnQcIWrAF+cPtZn5i6n+RfD2d9i0tzpKnG6Yk168yIyw==",
      "dependencies": {
        "is-core-module": "^2.13.0",
        "path-parse": "^1.0.7",
        "supports-preserve-symlinks-flag": "^1.0.0"
      },
      "bin": {
        "resolve": "bin/resolve"
      },
      "funding": {
        "url": "https://github.com/sponsors/ljharb"
      }
    },
    "node_modules/supports-preserve-symlinks-flag": {
      "version": "1.0.0",
      "resolved": "https://registry.npmjs.org/supports-preserve-symlinks-flag/-/supports-preserve-symlinks-flag-1.0.0.tgz",
      "integrity": "sha512-ot0WnXS9fgdkgIcePe6RHNk1WA8+muPa6cSjeR3V8K27q9BB1rTE3R1p7Hv0z1ZyAc8s6Vvv8DIyWf681MAt0w==",
      "engines": {
        "node": ">= 0.4"
      },
      "funding": {
        "url": "https://github.com/sponsors/ljharb"
      }
    }
  }
}
